
Microsoft Visual Studio Solution File, Format Version 12.00
# Visual Studio Version 17
VisualStudioVersion = 17.2.32630.192
MinimumVisualStudioVersion = 10.0.40219.1
Project("{FAE04EC0-301F-11D3-BF4B-00C04F79EFBC}") = "ContactList", "ContactList\ContactList.csproj", "{AB14A24B-6C58-480B-A250-C90B6F4FA318}"
EndProject
Global
	GlobalSection(SolutionConfigurationPlatforms) = preSolution
		Debug|Any CPU = Debug|Any CPU
		Release|Any CPU = Release|Any CPU
	EndGlobalSection
	GlobalSection(ProjectConfigurationPlatforms) = postSolution
		{AB14A24B-6C58-480B-A250-C90B6F4FA318}.Debug|Any CPU.ActiveCfg = Debug|Any CPU
		{AB14A24B-6C58-480B-A250-C90B6F4FA318}.Debug|Any CPU.Build.0 = Debug|Any CPU
		{AB14A24B-6C58-480B-A250-C90B6F4FA318}.Release|Any CPU.ActiveCfg = Release|Any CPU
		{AB14A24B-6C58-480B-A250-C90B6F4FA318}.Release|Any CPU.Build.0 = Release|Any CPU
	EndGlobalSection
	GlobalSection(SolutionProperties) = preSolution
		HideSolutionNode = FALSE
	EndGlobalSection
	GlobalSection(ExtensibilityGlobals) = postSolution
		SolutionGuid = {E2ABCB8D-2159-4075-81BB-EDD4720511C6}
	EndGlobalSection
EndGlobal
